
Microsoft Visual Studio Solution File, Format Version 12.00
# Visual Studio Version 16
VisualStudioVersion = 16.0.29728.190
MinimumVisualStudioVersion = 10.0.40219.1
Project("{8BC9CEB8-8B4A-11D0-8D11-00A0C91BC942}") = "htmlEncode", "htmlEncode\htmlEncode.vcxproj", "{A643A089-6C64-482D-B3D7-75D04BB9F7A8}"
EndProject
Global
	GlobalSection(SolutionConfigurationPlatforms) = preSolution
		Debug|x64 = Debug|x64
		Debug|x86 = Debug|x86
		Release|x64 = Release|x64
		Release|x86 = Release|x86
	EndGlobalSection
	GlobalSection(ProjectConfigurationPlatforms) = postSolution
		{A643A089-6C64-482D-B3D7-75D04BB9F7A8}.Debug|x64.ActiveCfg = Debug|x64
		{A643A089-6C64-482D-B3D7-75D04BB9F7A8}.Debug|x64.Build.0 = Debug|x64
		{A643A089-6C64-482D-B3D7-75D04BB9F7A8}.Debug|x86.ActiveCfg = Debug|Win32
		{A643A089-6C64-482D-B3D7-75D04BB9F7A8}.Debug|x86.Build.0 = Debug|Win32
		{A643A089-6C64-482D-B3D7-75D04BB9F7A8}.Release|x64.ActiveCfg = Release|x64
		{A643A089-6C64-482D-B3D7-75D04BB9F7A8}.Release|x64.Build.0 = Release|x64
		{A643A089-6C64-482D-B3D7-75D04BB9F7A8}.Release|x86.ActiveCfg = Release|Win32
		{A643A089-6C64-482D-B3D7-75D04BB9F7A8}.Release|x86.Build.0 = Release|Win32
	EndGlobalSection
	GlobalSection(SolutionProperties) = preSolution
		HideSolutionNode = FALSE
	EndGlobalSection
	GlobalSection(ExtensibilityGlobals) = postSolution
		SolutionGuid = {8DC4955A-A54A-4EAA-86D7-D8F09EEBA949}
	EndGlobalSection
EndGlobal
