
Microsoft Visual Studio Solution File, Format Version 12.00
# Visual Studio Version 16
VisualStudioVersion = 16.0.29728.190
MinimumVisualStudioVersion = 10.0.40219.1
Project("{8BC9CEB8-8B4A-11D0-8D11-00A0C91BC942}") = "TV", "TV\TV.vcxproj", "{0E8477D0-F58E-44DC-9732-4E4DA53043CD}"
EndProject
Project("{8BC9CEB8-8B4A-11D0-8D11-00A0C91BC942}") = "TV_TEST", "TV_TEST\TV_TEST.vcxproj", "{F6C3D72A-8595-4FE0-BCB7-E8C9649EE57E}"
EndProject
Project("{8BC9CEB8-8B4A-11D0-8D11-00A0C91BC942}") = "Calculator", "Calculator\Calculator.vcxproj", "{3ED9D463-37BC-407A-BC12-CA36E56FA529}"
EndProject
Project("{8BC9CEB8-8B4A-11D0-8D11-00A0C91BC942}") = "CalculatorTests", "CalculatorTests\CalculatorTests.vcxproj", "{4792276F-83D8-4CC8-9402-0C2A159F2AE8}"
EndProject
Global
	GlobalSection(SolutionConfigurationPlatforms) = preSolution
		Debug|x64 = Debug|x64
		Debug|x86 = Debug|x86
		Release|x64 = Release|x64
		Release|x86 = Release|x86
	EndGlobalSection
	GlobalSection(ProjectConfigurationPlatforms) = postSolution
		{0E8477D0-F58E-44DC-9732-4E4DA53043CD}.Debug|x64.ActiveCfg = Debug|x64
		{0E8477D0-F58E-44DC-9732-4E4DA53043CD}.Debug|x64.Build.0 = Debug|x64
		{0E8477D0-F58E-44DC-9732-4E4DA53043CD}.Debug|x86.ActiveCfg = Debug|Win32
		{0E8477D0-F58E-44DC-9732-4E4DA53043CD}.Debug|x86.Build.0 = Debug|Win32
		{0E8477D0-F58E-44DC-9732-4E4DA53043CD}.Release|x64.ActiveCfg = Release|x64
		{0E8477D0-F58E-44DC-9732-4E4DA53043CD}.Release|x64.Build.0 = Release|x64
		{0E8477D0-F58E-44DC-9732-4E4DA53043CD}.Release|x86.ActiveCfg = Release|Win32
		{0E8477D0-F58E-44DC-9732-4E4DA53043CD}.Release|x86.Build.0 = Release|Win32
		{F6C3D72A-8595-4FE0-BCB7-E8C9649EE57E}.Debug|x64.ActiveCfg = Debug|x64
		{F6C3D72A-8595-4FE0-BCB7-E8C9649EE57E}.Debug|x64.Build.0 = Debug|x64
		{F6C3D72A-8595-4FE0-BCB7-E8C9649EE57E}.Debug|x86.ActiveCfg = Debug|Win32
		{F6C3D72A-8595-4FE0-BCB7-E8C9649EE57E}.Debug|x86.Build.0 = Debug|Win32
		{F6C3D72A-8595-4FE0-BCB7-E8C9649EE57E}.Release|x64.ActiveCfg = Release|x64
		{F6C3D72A-8595-4FE0-BCB7-E8C9649EE57E}.Release|x64.Build.0 = Release|x64
		{F6C3D72A-8595-4FE0-BCB7-E8C9649EE57E}.Release|x86.ActiveCfg = Release|Win32
		{F6C3D72A-8595-4FE0-BCB7-E8C9649EE57E}.Release|x86.Build.0 = Release|Win32
		{3ED9D463-37BC-407A-BC12-CA36E56FA529}.Debug|x64.ActiveCfg = Debug|x64
		{3ED9D463-37BC-407A-BC12-CA36E56FA529}.Debug|x64.Build.0 = Debug|x64
		{3ED9D463-37BC-407A-BC12-CA36E56FA529}.Debug|x86.ActiveCfg = Debug|Win32
		{3ED9D463-37BC-407A-BC12-CA36E56FA529}.Debug|x86.Build.0 = Debug|Win32
		{3ED9D463-37BC-407A-BC12-CA36E56FA529}.Release|x64.ActiveCfg = Release|x64
		{3ED9D463-37BC-407A-BC12-CA36E56FA529}.Release|x64.Build.0 = Release|x64
		{3ED9D463-37BC-407A-BC12-CA36E56FA529}.Release|x86.ActiveCfg = Release|Win32
		{3ED9D463-37BC-407A-BC12-CA36E56FA529}.Release|x86.Build.0 = Release|Win32
		{4792276F-83D8-4CC8-9402-0C2A159F2AE8}.Debug|x64.ActiveCfg = Debug|x64
		{4792276F-83D8-4CC8-9402-0C2A159F2AE8}.Debug|x64.Build.0 = Debug|x64
		{4792276F-83D8-4CC8-9402-0C2A159F2AE8}.Debug|x86.ActiveCfg = Debug|Win32
		{4792276F-83D8-4CC8-9402-0C2A159F2AE8}.Debug|x86.Build.0 = Debug|Win32
		{4792276F-83D8-4CC8-9402-0C2A159F2AE8}.Release|x64.ActiveCfg = Release|x64
		{4792276F-83D8-4CC8-9402-0C2A159F2AE8}.Release|x64.Build.0 = Release|x64
		{4792276F-83D8-4CC8-9402-0C2A159F2AE8}.Release|x86.ActiveCfg = Release|Win32
		{4792276F-83D8-4CC8-9402-0C2A159F2AE8}.Release|x86.Build.0 = Release|Win32
	EndGlobalSection
	GlobalSection(SolutionProperties) = preSolution
		HideSolutionNode = FALSE
	EndGlobalSection
	GlobalSection(ExtensibilityGlobals) = postSolution
		SolutionGuid = {2F2C9CDF-E425-4125-8B57-6652FA97D81D}
	EndGlobalSection
EndGlobal
